// !$*UTF8*$!
{
	archiveVersion = 1;
	classes = {
	};
	objectVersion = 50;
	objects = {

/* Begin PBXBuildFile section */
		CDDAB68625FD75E2003E6C9C /* Tests_iOS.swift in Sources */ = {isa = PBXBuildFile; fileRef = CDDAB68525FD75E2003E6C9C /* Tests_iOS.swift */; };
		CDDAB69125FD75E2003E6C9C /* Tests_macOS.swift in Sources */ = {isa = PBXBuildFile; fileRef = CDDAB69025FD75E2003E6C9C /* Tests_macOS.swift */; };
		CDDAB69325FD75E2003E6C9C /* Soundcloud_CarPlayGUIApp.swift in Sources */ = {isa = PBXBuildFile; fileRef = CDDAB66A25FD75DE003E6C9C /* Soundcloud_CarPlayGUIApp.swift */; };
		CDDAB69425FD75E2003E6C9C /* Soundcloud_CarPlayGUIApp.swift in Sources */ = {isa = PBXBuildFile; fileRef = CDDAB66A25FD75DE003E6C9C /* Soundcloud_CarPlayGUIApp.swift */; };
		CDDAB69525FD75E2003E6C9C /* ContentView.swift in Sources */ = {isa = PBXBuildFile; fileRef = CDDAB66B25FD75DE003E6C9C /* ContentView.swift */; };
		CDDAB69625FD75E2003E6C9C /* ContentView.swift in Sources */ = {isa = PBXBuildFile; fileRef = CDDAB66B25FD75DE003E6C9C /* ContentView.swift */; };
		CDDAB69725FD75E2003E6C9C /* Assets.xcassets in Resources */ = {isa = PBXBuildFile; fileRef = CDDAB66C25FD75E1003E6C9C /* Assets.xcassets */; };
		CDDAB69825FD75E2003E6C9C /* Assets.xcassets in Resources */ = {isa = PBXBuildFile; fileRef = CDDAB66C25FD75E1003E6C9C /* Assets.xcassets */; };
/* End PBXBuildFile section */

/* Begin PBXContainerItemProxy section */
		CDDAB68225FD75E2003E6C9C /* PBXContainerItemProxy */ = {
			isa = PBXContainerItemProxy;
			containerPortal = CDDAB66525FD75DE003E6C9C /* Project object */;
			proxyType = 1;
			remoteGlobalIDString = CDDAB67025FD75E2003E6C9C;
			remoteInfo = "Soundcloud-CarPlayGUI (iOS)";
		};
		CDDAB68D25FD75E2003E6C9C /* PBXContainerItemProxy */ = {
			isa = PBXContainerItemProxy;
			containerPortal = CDDAB66525FD75DE003E6C9C /* Project object */;
			proxyType = 1;
			remoteGlobalIDString = CDDAB67825FD75E2003E6C9C;
			remoteInfo = "Soundcloud-CarPlayGUI (macOS)";
		};
/* End PBXContainerItemProxy section */

/* Begin PBXFileReference section */
		CDDAB66A25FD75DE003E6C9C /* Soundcloud_CarPlayGUIApp.swift */ = {isa = PBXFileReference; lastKnownFileType = sourcecode.swift; path = Soundcloud_CarPlayGUIApp.swift; sourceTree = "<group>"; };
		CDDAB66B25FD75DE003E6C9C /* ContentView.swift */ = {isa = PBXFileReference; lastKnownFileType = sourcecode.swift; path = ContentView.swift; sourceTree = "<group>"; };
		CDDAB66C25FD75E1003E6C9C /* Assets.xcassets */ = {isa = PBXFileReference; lastKnownFileType = folder.assetcatalog; path = Assets.xcassets; sourceTree = "<group>"; };
		CDDAB67125FD75E2003E6C9C /* Soundcloud-CarPlayGUI.app */ = {isa = PBXFileReference; explicitFileType = wrapper.application; includeInIndex = 0; path = "Soundcloud-CarPlayGUI.app"; sourceTree = BUILT_PRODUCTS_DIR; };
		CDDAB67425FD75E2003E6C9C /* Info.plist */ = {isa = PBXFileReference; lastKnownFileType = text.plist.xml; path = Info.plist; sourceTree = "<group>"; };
		CDDAB67925FD75E2003E6C9C /* Soundcloud-CarPlayGUI.app */ = {isa = PBXFileReference; explicitFileType = wrapper.application; includeInIndex = 0; path = "Soundcloud-CarPlayGUI.app"; sourceTree = BUILT_PRODUCTS_DIR; };
		CDDAB67B25FD75E2003E6C9C /* Info.plist */ = {isa = PBXFileReference; lastKnownFileType = text.plist.xml; path = Info.plist; sourceTree = "<group>"; };
		CDDAB67C25FD75E2003E6C9C /* macOS.entitlements */ = {isa = PBXFileReference; lastKnownFileType = text.plist.entitlements; path = macOS.entitlements; sourceTree = "<group>"; };
		CDDAB68125FD75E2003E6C9C /* Tests iOS.xctest */ = {isa = PBXFileReference; explicitFileType = wrapper.cfbundle; includeInIndex = 0; path = "Tests iOS.xctest"; sourceTree = BUILT_PRODUCTS_DIR; };
		CDDAB68525FD75E2003E6C9C /* Tests_iOS.swift */ = {isa = PBXFileReference; lastKnownFileType = sourcecode.swift; path = Tests_iOS.swift; sourceTree = "<group>"; };
		CDDAB68725FD75E2003E6C9C /* Info.plist */ = {isa = PBXFileReference; lastKnownFileType = text.plist.xml; path = Info.plist; sourceTree = "<group>"; };
		CDDAB68C25FD75E2003E6C9C /* Tests macOS.xctest */ = {isa = PBXFileReference; explicitFileType = wrapper.cfbundle; includeInIndex = 0; path = "Tests macOS.xctest"; sourceTree = BUILT_PRODUCTS_DIR; };
		CDDAB69025FD75E2003E6C9C /* Tests_macOS.swift */ = {isa = PBXFileReference; lastKnownFileType = sourcecode.swift; path = Tests_macOS.swift; sourceTree = "<group>"; };
		CDDAB69225FD75E2003E6C9C /* Info.plist */ = {isa = PBXFileReference; lastKnownFileType = text.plist.xml; path = Info.plist; sourceTree = "<group>"; };
/* End PBXFileReference section */

/* Begin PBXFrameworksBuildPhase section */
		CDDAB66E25FD75E2003E6C9C /* Frameworks */ = {
			isa = PBXFrameworksBuildPhase;
			buildActionMask = 2147483647;
			files = (
			);
			runOnlyForDeploymentPostprocessing = 0;
		};
		CDDAB67625FD75E2003E6C9C /* Frameworks */ = {
			isa = PBXFrameworksBuildPhase;
			buildActionMask = 2147483647;
			files = (
			);
			runOnlyForDeploymentPostprocessing = 0;
		};
		CDDAB67E25FD75E2003E6C9C /* Frameworks */ = {
			isa = PBXFrameworksBuildPhase;
			buildActionMask = 2147483647;
			files = (
			);
			runOnlyForDeploymentPostprocessing = 0;
		};
		CDDAB68925FD75E2003E6C9C /* Frameworks */ = {
			isa = PBXFrameworksBuildPhase;
			buildActionMask = 2147483647;
			files = (
			);
			runOnlyForDeploymentPostprocessing = 0;
		};
/* End PBXFrameworksBuildPhase section */

/* Begin PBXGroup section */
		CDDAB66425FD75DE003E6C9C = {
			isa = PBXGroup;
			children = (
				CDDAB66925FD75DE003E6C9C /* Shared */,
				CDDAB67325FD75E2003E6C9C /* iOS */,
				CDDAB67A25FD75E2003E6C9C /* macOS */,
				CDDAB68425FD75E2003E6C9C /* Tests iOS */,
				CDDAB68F25FD75E2003E6C9C /* Tests macOS */,
				CDDAB67225FD75E2003E6C9C /* Products */,
			);
			sourceTree = "<group>";
		};
		CDDAB66925FD75DE003E6C9C /* Shared */ = {
			isa = PBXGroup;
			children = (
				CDDAB66A25FD75DE003E6C9C /* Soundcloud_CarPlayGUIApp.swift */,
				CDDAB66B25FD75DE003E6C9C /* ContentView.swift */,
				CDDAB66C25FD75E1003E6C9C /* Assets.xcassets */,
			);
			path = Shared;
			sourceTree = "<group>";
		};
		CDDAB67225FD75E2003E6C9C /* Products */ = {
			isa = PBXGroup;
			children = (
				CDDAB67125FD75E2003E6C9C /* Soundcloud-CarPlayGUI.app */,
				CDDAB67925FD75E2003E6C9C /* Soundcloud-CarPlayGUI.app */,
				CDDAB68125FD75E2003E6C9C /* Tests iOS.xctest */,
				CDDAB68C25FD75E2003E6C9C /* Tests macOS.xctest */,
			);
			name = Products;
			sourceTree = "<group>";
		};
		CDDAB67325FD75E2003E6C9C /* iOS */ = {
			isa = PBXGroup;
			children = (
				CDDAB67425FD75E2003E6C9C /* Info.plist */,
			);
			path = iOS;
			sourceTree = "<group>";
		};
		CDDAB67A25FD75E2003E6C9C /* macOS */ = {
			isa = PBXGroup;
			children = (
				CDDAB67B25FD75E2003E6C9C /* Info.plist */,
				CDDAB67C25FD75E2003E6C9C /* macOS.entitlements */,
			);
			path = macOS;
			sourceTree = "<group>";
		};
		CDDAB68425FD75E2003E6C9C /* Tests iOS */ = {
			isa = PBXGroup;
			children = (
				CDDAB68525FD75E2003E6C9C /* Tests_iOS.swift */,
				CDDAB68725FD75E2003E6C9C /* Info.plist */,
			);
			path = "Tests iOS";
			sourceTree = "<group>";
		};
		CDDAB68F25FD75E2003E6C9C /* Tests macOS */ = {
			isa = PBXGroup;
			children = (
				CDDAB69025FD75E2003E6C9C /* Tests_macOS.swift */,
				CDDAB69225FD75E2003E6C9C /* Info.plist */,
			);
			path = "Tests macOS";
			sourceTree = "<group>";
		};
/* End PBXGroup section */

/* Begin PBXNativeTarget section */
		CDDAB67025FD75E2003E6C9C /* Soundcloud-CarPlayGUI (iOS) */ = {
			isa = PBXNativeTarget;
			buildConfigurationList = CDDAB69B25FD75E2003E6C9C /* Build configuration list for PBXNativeTarget "Soundcloud-CarPlayGUI (iOS)" */;
			buildPhases = (
				CDDAB66D25FD75E2003E6C9C /* Sources */,
				CDDAB66E25FD75E2003E6C9C /* Frameworks */,
				CDDAB66F25FD75E2003E6C9C /* Resources */,
			);
			buildRules = (
			);
			dependencies = (
			);
			name = "Soundcloud-CarPlayGUI (iOS)";
			productName = "Soundcloud-CarPlayGUI (iOS)";
			productReference = CDDAB67125FD75E2003E6C9C /* Soundcloud-CarPlayGUI.app */;
			productType = "com.apple.product-type.application";
		};
		CDDAB67825FD75E2003E6C9C /* Soundcloud-CarPlayGUI (macOS) */ = {
			isa = PBXNativeTarget;
			buildConfigurationList = CDDAB69E25FD75E2003E6C9C /* Build configuration list for PBXNativeTarget "Soundcloud-CarPlayGUI (macOS)" */;
			buildPhases = (
				CDDAB67525FD75E2003E6C9C /* Sources */,
				CDDAB67625FD75E2003E6C9C /* Frameworks */,
				CDDAB67725FD75E2003E6C9C /* Resources */,
			);
			buildRules = (
			);
			dependencies = (
			);
			name = "Soundcloud-CarPlayGUI (macOS)";
			productName = "Soundcloud-CarPlayGUI (macOS)";
			productReference = CDDAB67925FD75E2003E6C9C /* Soundcloud-CarPlayGUI.app */;
			productType = "com.apple.product-type.application";
		};
		CDDAB68025FD75E2003E6C9C /* Tests iOS */ = {
			isa = PBXNativeTarget;
			buildConfigurationList = CDDAB6A125FD75E2003E6C9C /* Build configuration list for PBXNativeTarget "Tests iOS" */;
			buildPhases = (
				CDDAB67D25FD75E2003E6C9C /* Sources */,
				CDDAB67E25FD75E2003E6C9C /* Frameworks */,
				CDDAB67F25FD75E2003E6C9C /* Resources */,
			);
			buildRules = (
			);
			dependencies = (
				CDDAB68325FD75E2003E6C9C /* PBXTargetDependency */,
			);
			name = "Tests iOS";
			productName = "Tests iOS";
			productReference = CDDAB68125FD75E2003E6C9C /* Tests iOS.xctest */;
			productType = "com.apple.product-type.bundle.ui-testing";
		};
		CDDAB68B25FD75E2003E6C9C /* Tests macOS */ = {
			isa = PBXNativeTarget;
			buildConfigurationList = CDDAB6A425FD75E2003E6C9C /* Build configuration list for PBXNativeTarget "Tests macOS" */;
			buildPhases = (
				CDDAB68825FD75E2003E6C9C /* Sources */,
				CDDAB68925FD75E2003E6C9C /* Frameworks */,
				CDDAB68A25FD75E2003E6C9C /* Resources */,
			);
			buildRules = (
			);
			dependencies = (
				CDDAB68E25FD75E2003E6C9C /* PBXTargetDependency */,
			);
			name = "Tests macOS";
			productName = "Tests macOS";
			productReference = CDDAB68C25FD75E2003E6C9C /* Tests macOS.xctest */;
			productType = "com.apple.product-type.bundle.ui-testing";
		};
/* End PBXNativeTarget section */

/* Begin PBXProject section */
		CDDAB66525FD75DE003E6C9C /* Project object */ = {
			isa = PBXProject;
			attributes = {
				LastSwiftUpdateCheck = 1240;
				LastUpgradeCheck = 1240;
				TargetAttributes = {
					CDDAB67025FD75E2003E6C9C = {
						CreatedOnToolsVersion = 12.4;
					};
					CDDAB67825FD75E2003E6C9C = {
						CreatedOnToolsVersion = 12.4;
					};
					CDDAB68025FD75E2003E6C9C = {
						CreatedOnToolsVersion = 12.4;
						TestTargetID = CDDAB67025FD75E2003E6C9C;
					};
					CDDAB68B25FD75E2003E6C9C = {
						CreatedOnToolsVersion = 12.4;
						TestTargetID = CDDAB67825FD75E2003E6C9C;
					};
				};
			};
			buildConfigurationList = CDDAB66825FD75DE003E6C9C /* Build configuration list for PBXProject "Soundcloud-CarPlayGUI" */;
			compatibilityVersion = "Xcode 9.3";
			developmentRegion = en;
			hasScannedForEncodings = 0;
			knownRegions = (
				en,
				Base,
			);
			mainGroup = CDDAB66425FD75DE003E6C9C;
			productRefGroup = CDDAB67225FD75E2003E6C9C /* Products */;
			projectDirPath = "";
			projectRoot = "";
			targets = (
				CDDAB67025FD75E2003E6C9C /* Soundcloud-CarPlayGUI (iOS) */,
				CDDAB67825FD75E2003E6C9C /* Soundcloud-CarPlayGUI (macOS) */,
				CDDAB68025FD75E2003E6C9C /* Tests iOS */,
				CDDAB68B25FD75E2003E6C9C /* Tests macOS */,
			);
		};
/* End PBXProject section */

/* Begin PBXResourcesBuildPhase section */
		CDDAB66F25FD75E2003E6C9C /* Resources */ = {
			isa = PBXResourcesBuildPhase;
			buildActionMask = 2147483647;
			files = (
				CDDAB69725FD75E2003E6C9C /* Assets.xcassets in Resources */,
			);
			runOnlyForDeploymentPostprocessing = 0;
		};
		CDDAB67725FD75E2003E6C9C /* Resources */ = {
			isa = PBXResourcesBuildPhase;
			buildActionMask = 2147483647;
			files = (
				CDDAB69825FD75E2003E6C9C /* Assets.xcassets in Resources */,
			);
			runOnlyForDeploymentPostprocessing = 0;
		};
		CDDAB67F25FD75E2003E6C9C /* Resources */ = {
			isa = PBXResourcesBuildPhase;
			buildActionMask = 2147483647;
			files = (
			);
			runOnlyForDeploymentPostprocessing = 0;
		};
		CDDAB68A25FD75E2003E6C9C /* Resources */ = {
			isa = PBXResourcesBuildPhase;
			buildActionMask = 2147483647;
			files = (
			);
			runOnlyForDeploymentPostprocessing = 0;
		};
/* End PBXResourcesBuildPhase section */

/* Begin PBXSourcesBuildPhase section */
		CDDAB66D25FD75E2003E6C9C /* Sources */ = {
			isa = PBXSourcesBuildPhase;
			buildActionMask = 2147483647;
			files = (
				CDDAB69525FD75E2003E6C9C /* ContentView.swift in Sources */,
				CDDAB69325FD75E2003E6C9C /* Soundcloud_CarPlayGUIApp.swift in Sources */,
			);
			runOnlyForDeploymentPostprocessing = 0;
		};
		CDDAB67525FD75E2003E6C9C /* Sources */ = {
			isa = PBXSourcesBuildPhase;
			buildActionMask = 2147483647;
			files = (
				CDDAB69625FD75E2003E6C9C /* ContentView.swift in Sources */,
				CDDAB69425FD75E2003E6C9C /* Soundcloud_CarPlayGUIApp.swift in Sources */,
			);
			runOnlyForDeploymentPostprocessing = 0;
		};
		CDDAB67D25FD75E2003E6C9C /* Sources */ = {
			isa = PBXSourcesBuildPhase;
			buildActionMask = 2147483647;
			files = (
				CDDAB68625FD75E2003E6C9C /* Tests_iOS.swift in Sources */,
			);
			runOnlyForDeploymentPostprocessing = 0;
		};
		CDDAB68825FD75E2003E6C9C /* Sources */ = {
			isa = PBXSourcesBuildPhase;
			buildActionMask = 2147483647;
			files = (
				CDDAB69125FD75E2003E6C9C /* Tests_macOS.swift in Sources */,
			);
			runOnlyForDeploymentPostprocessing = 0;
		};
/* End PBXSourcesBuildPhase section */

/* Begin PBXTargetDependency section */
		CDDAB68325FD75E2003E6C9C /* PBXTargetDependency */ = {
			isa = PBXTargetDependency;
			target = CDDAB67025FD75E2003E6C9C /* Soundcloud-CarPlayGUI (iOS) */;
			targetProxy = CDDAB68225FD75E2003E6C9C /* PBXContainerItemProxy */;
		};
		CDDAB68E25FD75E2003E6C9C /* PBXTargetDependency */ = {
			isa = PBXTargetDependency;
			target = CDDAB67825FD75E2003E6C9C /* Soundcloud-CarPlayGUI (macOS) */;
			targetProxy = CDDAB68D25FD75E2003E6C9C /* PBXContainerItemProxy */;
		};
/* End PBXTargetDependency section */

/* Begin XCBuildConfiguration section */
		CDDAB69925FD75E2003E6C9C /* Debug */ = {
			isa = XCBuildConfiguration;
			buildSettings = {
				ALWAYS_SEARCH_USER_PATHS = NO;
				CLANG_ANALYZER_NONNULL = YES;
				CLANG_ANALYZER_NUMBER_OBJECT_CONVERSION = YES_AGGRESSIVE;
				CLANG_CXX_LANGUAGE_STANDARD = "gnu++14";
				CLANG_CXX_LIBRARY = "libc++";
				CLANG_ENABLE_MODULES = YES;
				CLANG_ENABLE_OBJC_ARC = YES;
				CLANG_ENABLE_OBJC_WEAK = YES;
				CLANG_WARN_BLOCK_CAPTURE_AUTORELEASING = YES;
				CLANG_WARN_BOOL_CONVERSION = YES;
				CLANG_WARN_COMMA = YES;
				CLANG_WARN_CONSTANT_CONVERSION = YES;
				CLANG_WARN_DEPRECATED_OBJC_IMPLEMENTATIONS = YES;
				CLANG_WARN_DIRECT_OBJC_ISA_USAGE = YES_ERROR;
				CLANG_WARN_DOCUMENTATION_COMMENTS = YES;
				CLANG_WARN_EMPTY_BODY = YES;
				CLANG_WARN_ENUM_CONVERSION = YES;
				CLANG_WARN_INFINITE_RECURSION = YES;
				CLANG_WARN_INT_CONVERSION = YES;
				CLANG_WARN_NON_LITERAL_NULL_CONVERSION = YES;
				CLANG_WARN_OBJC_IMPLICIT_RETAIN_SELF = YES;
				CLANG_WARN_OBJC_LITERAL_CONVERSION = YES;
				CLANG_WARN_OBJC_ROOT_CLASS = YES_ERROR;
				CLANG_WARN_QUOTED_INCLUDE_IN_FRAMEWORK_HEADER = YES;
				CLANG_WARN_RANGE_LOOP_ANALYSIS = YES;
				CLANG_WARN_STRICT_PROTOTYPES = YES;
				CLANG_WARN_SUSPICIOUS_MOVE = YES;
				CLANG_WARN_UNGUARDED_AVAILABILITY = YES_AGGRESSIVE;
				CLANG_WARN_UNREACHABLE_CODE = YES;
				CLANG_WARN__DUPLICATE_METHOD_MATCH = YES;
				COPY_PHASE_STRIP = NO;
				DEBUG_INFORMATION_FORMAT = dwarf;
				ENABLE_STRICT_OBJC_MSGSEND = YES;
				ENABLE_TESTABILITY = YES;
				GCC_C_LANGUAGE_STANDARD = gnu11;
				GCC_DYNAMIC_NO_PIC = NO;
				GCC_NO_COMMON_BLOCKS = YES;
				GCC_OPTIMIZATION_LEVEL = 0;
				GCC_PREPROCESSOR_DEFINITIONS = (
					"DEBUG=1",
					"$(inherited)",
				);
				GCC_WARN_64_TO_32_BIT_CONVERSION = YES;
				GCC_WARN_ABOUT_RETURN_TYPE = YES_ERROR;
				GCC_WARN_UNDECLARED_SELECTOR = YES;
				GCC_WARN_UNINITIALIZED_AUTOS = YES_AGGRESSIVE;
				GCC_WARN_UNUSED_FUNCTION = YES;
				GCC_WARN_UNUSED_VARIABLE = YES;
				MTL_ENABLE_DEBUG_INFO = INCLUDE_SOURCE;
				MTL_FAST_MATH = YES;
				ONLY_ACTIVE_ARCH = YES;
				SWIFT_ACTIVE_COMPILATION_CONDITIONS = DEBUG;
				SWIFT_OPTIMIZATION_LEVEL = "-Onone";
			};
			name = Debug;
		};
		CDDAB69A25FD75E2003E6C9C /* Release */ = {
			isa = XCBuildConfiguration;
			buildSettings = {
				ALWAYS_SEARCH_USER_PATHS = NO;
				CLANG_ANALYZER_NONNULL = YES;
				CLANG_ANALYZER_NUMBER_OBJECT_CONVERSION = YES_AGGRESSIVE;
				CLANG_CXX_LANGUAGE_STANDARD = "gnu++14";
				CLANG_CXX_LIBRARY = "libc++";
				CLANG_ENABLE_MODULES = YES;
				CLANG_ENABLE_OBJC_ARC = YES;
				CLANG_ENABLE_OBJC_WEAK = YES;
				CLANG_WARN_BLOCK_CAPTURE_AUTORELEASING = YES;
				CLANG_WARN_BOOL_CONVERSION = YES;
				CLANG_WARN_COMMA = YES;
				CLANG_WARN_CONSTANT_CONVERSION = YES;
				CLANG_WARN_DEPRECATED_OBJC_IMPLEMENTATIONS = YES;
				CLANG_WARN_DIRECT_OBJC_ISA_USAGE = YES_ERROR;
				CLANG_WARN_DOCUMENTATION_COMMENTS = YES;
				CLANG_WARN_EMPTY_BODY = YES;
				CLANG_WARN_ENUM_CONVERSION = YES;
				CLANG_WARN_INFINITE_RECURSION = YES;
				CLANG_WARN_INT_CONVERSION = YES;
				CLANG_WARN_NON_LITERAL_NULL_CONVERSION = YES;
				CLANG_WARN_OBJC_IMPLICIT_RETAIN_SELF = YES;
				CLANG_WARN_OBJC_LITERAL_CONVERSION = YES;
				CLANG_WARN_OBJC_ROOT_CLASS = YES_ERROR;
				CLANG_WARN_QUOTED_INCLUDE_IN_FRAMEWORK_HEADER = YES;
				CLANG_WARN_RANGE_LOOP_ANALYSIS = YES;
				CLANG_WARN_STRICT_PROTOTYPES = YES;
				CLANG_WARN_SUSPICIOUS_MOVE = YES;
				CLANG_WARN_UNGUARDED_AVAILABILITY = YES_AGGRESSIVE;
				CLANG_WARN_UNREACHABLE_CODE = YES;
				CLANG_WARN__DUPLICATE_METHOD_MATCH = YES;
				COPY_PHASE_STRIP = NO;
				DEBUG_INFORMATION_FORMAT = "dwarf-with-dsym";
				ENABLE_NS_ASSERTIONS = NO;
				ENABLE_STRICT_OBJC_MSGSEND = YES;
				GCC_C_LANGUAGE_STANDARD = gnu11;
				GCC_NO_COMMON_BLOCKS = YES;
				GCC_WARN_64_TO_32_BIT_CONVERSION = YES;
				GCC_WARN_ABOUT_RETURN_TYPE = YES_ERROR;
				GCC_WARN_UNDECLARED_SELECTOR = YES;
				GCC_WARN_UNINITIALIZED_AUTOS = YES_AGGRESSIVE;
				GCC_WARN_UNUSED_FUNCTION = YES;
				GCC_WARN_UNUSED_VARIABLE = YES;
				MTL_ENABLE_DEBUG_INFO = NO;
				MTL_FAST_MATH = YES;
				SWIFT_COMPILATION_MODE = wholemodule;
				SWIFT_OPTIMIZATION_LEVEL = "-O";
			};
			name = Release;
		};
		CDDAB69C25FD75E2003E6C9C /* Debug */ = {
			isa = XCBuildConfiguration;
			buildSettings = {
				ASSETCATALOG_COMPILER_APPICON_NAME = AppIcon;
				ASSETCATALOG_COMPILER_GLOBAL_ACCENT_COLOR_NAME = AccentColor;
				CODE_SIGN_STYLE = Automatic;
				ENABLE_PREVIEWS = YES;
				INFOPLIST_FILE = iOS/Info.plist;
				IPHONEOS_DEPLOYMENT_TARGET = 14.0;
				LD_RUNPATH_SEARCH_PATHS = (
					"$(inherited)",
					"@executable_path/Frameworks",
				);
				PRODUCT_BUNDLE_IDENTIFIER = "Mo.Soundcloud-CarPlayGUI";
				PRODUCT_NAME = "Soundcloud-CarPlayGUI";
				SDKROOT = iphoneos;
				SWIFT_VERSION = 5.0;
				TARGETED_DEVICE_FAMILY = "1,2";
			};
			name = Debug;
		};
		CDDAB69D25FD75E2003E6C9C /* Release */ = {
			isa = XCBuildConfiguration;
			buildSettings = {
				ASSETCATALOG_COMPILER_APPICON_NAME = AppIcon;
				ASSETCATALOG_COMPILER_GLOBAL_ACCENT_COLOR_NAME = AccentColor;
				CODE_SIGN_STYLE = Automatic;
				ENABLE_PREVIEWS = YES;
				INFOPLIST_FILE = iOS/Info.plist;
				IPHONEOS_DEPLOYMENT_TARGET = 14.0;
				LD_RUNPATH_SEARCH_PATHS = (
					"$(inherited)",
					"@executable_path/Frameworks",
				);
				PRODUCT_BUNDLE_IDENTIFIER = "Mo.Soundcloud-CarPlayGUI";
				PRODUCT_NAME = "Soundcloud-CarPlayGUI";
				SDKROOT = iphoneos;
				SWIFT_VERSION = 5.0;
				TARGETED_DEVICE_FAMILY = "1,2";
				VALIDATE_PRODUCT = YES;
			};
			name = Release;
		};
		CDDAB69F25FD75E2003E6C9C /* Debug */ = {
			isa = XCBuildConfiguration;
			buildSettings = {
				ASSETCATALOG_COMPILER_APPICON_NAME = AppIcon;
				ASSETCATALOG_COMPILER_GLOBAL_ACCENT_COLOR_NAME = AccentColor;
				CODE_SIGN_ENTITLEMENTS = macOS/macOS.entitlements;
				CODE_SIGN_STYLE = Automatic;
				COMBINE_HIDPI_IMAGES = YES;
				ENABLE_PREVIEWS = YES;
				INFOPLIST_FILE = macOS/Info.plist;
				LD_RUNPATH_SEARCH_PATHS = (
					"$(inherited)",
					"@executable_path/../Frameworks",
				);
				MACOSX_DEPLOYMENT_TARGET = 11.0;
				PRODUCT_BUNDLE_IDENTIFIER = "Mo.Soundcloud-CarPlayGUI";
				PRODUCT_NAME = "Soundcloud-CarPlayGUI";
				SDKROOT = macosx;
				SWIFT_VERSION = 5.0;
			};
			name = Debug;
		};
		CDDAB6A025FD75E2003E6C9C /* Release */ = {
			isa = XCBuildConfiguration;
			buildSettings = {
				ASSETCATALOG_COMPILER_APPICON_NAME = AppIcon;
				ASSETCATALOG_COMPILER_GLOBAL_ACCENT_COLOR_NAME = AccentColor;
				CODE_SIGN_ENTITLEMENTS = macOS/macOS.entitlements;
				CODE_SIGN_STYLE = Automatic;
				COMBINE_HIDPI_IMAGES = YES;
				ENABLE_PREVIEWS = YES;
				INFOPLIST_FILE = macOS/Info.plist;
				LD_RUNPATH_SEARCH_PATHS = (
					"$(inherited)",
					"@executable_path/../Frameworks",
				);
				MACOSX_DEPLOYMENT_TARGET = 11.0;
				PRODUCT_BUNDLE_IDENTIFIER = "Mo.Soundcloud-CarPlayGUI";
				PRODUCT_NAME = "Soundcloud-CarPlayGUI";
				SDKROOT = macosx;
				SWIFT_VERSION = 5.0;
			};
			name = Release;
		};
		CDDAB6A225FD75E2003E6C9C /* Debug */ = {
			isa = XCBuildConfiguration;
			buildSettings = {
				ALWAYS_EMBED_SWIFT_STANDARD_LIBRARIES = YES;
				CODE_SIGN_STYLE = Automatic;
				INFOPLIST_FILE = "Tests iOS/Info.plist";
				IPHONEOS_DEPLOYMENT_TARGET = 14.4;
				LD_RUNPATH_SEARCH_PATHS = (
					"$(inherited)",
					"@executable_path/Frameworks",
					"@loader_path/Frameworks",
				);
				PRODUCT_BUNDLE_IDENTIFIER = "Mo.Tests-iOS";
				PRODUCT_NAME = "$(TARGET_NAME)";
				SDKROOT = iphoneos;
				SWIFT_VERSION = 5.0;
				TARGETED_DEVICE_FAMILY = "1,2";
				TEST_TARGET_NAME = "Soundcloud-CarPlayGUI (iOS)";
			};
			name = Debug;
		};
		CDDAB6A325FD75E2003E6C9C /* Release */ = {
			isa = XCBuildConfiguration;
			buildSettings = {
				ALWAYS_EMBED_SWIFT_STANDARD_LIBRARIES = YES;
				CODE_SIGN_STYLE = Automatic;
				INFOPLIST_FILE = "Tests iOS/Info.plist";
				IPHONEOS_DEPLOYMENT_TARGET = 14.4;
				LD_RUNPATH_SEARCH_PATHS = (
					"$(inherited)",
					"@executable_path/Frameworks",
					"@loader_path/Frameworks",
				);
				PRODUCT_BUNDLE_IDENTIFIER = "Mo.Tests-iOS";
				PRODUCT_NAME = "$(TARGET_NAME)";
				SDKROOT = iphoneos;
				SWIFT_VERSION = 5.0;
				TARGETED_DEVICE_FAMILY = "1,2";
				TEST_TARGET_NAME = "Soundcloud-CarPlayGUI (iOS)";
				VALIDATE_PRODUCT = YES;
			};
			name = Release;
		};
		CDDAB6A525FD75E2003E6C9C /* Debug */ = {
			isa = XCBuildConfiguration;
			buildSettings = {
				ALWAYS_EMBED_SWIFT_STANDARD_LIBRARIES = YES;
				CODE_SIGN_STYLE = Automatic;
				COMBINE_HIDPI_IMAGES = YES;
				INFOPLIST_FILE = "Tests macOS/Info.plist";
				LD_RUNPATH_SEARCH_PATHS = (
					"$(inherited)",
					"@executable_path/../Frameworks",
					"@loader_path/../Frameworks",
				);
				MACOSX_DEPLOYMENT_TARGET = 10.15;
				PRODUCT_BUNDLE_IDENTIFIER = "Mo.Tests-macOS";
				PRODUCT_NAME = "$(TARGET_NAME)";
				SDKROOT = macosx;
				SWIFT_VERSION = 5.0;
				TEST_TARGET_NAME = "Soundcloud-CarPlayGUI (macOS)";
			};
			name = Debug;
		};
		CDDAB6A625FD75E2003E6C9C /* Release */ = {
			isa = XCBuildConfiguration;
			buildSettings = {
				ALWAYS_EMBED_SWIFT_STANDARD_LIBRARIES = YES;
				CODE_SIGN_STYLE = Automatic;
				COMBINE_HIDPI_IMAGES = YES;
				INFOPLIST_FILE = "Tests macOS/Info.plist";
				LD_RUNPATH_SEARCH_PATHS = (
					"$(inherited)",
					"@executable_path/../Frameworks",
					"@loader_path/../Frameworks",
				);
				MACOSX_DEPLOYMENT_TARGET = 10.15;
				PRODUCT_BUNDLE_IDENTIFIER = "Mo.Tests-macOS";
				PRODUCT_NAME = "$(TARGET_NAME)";
				SDKROOT = macosx;
				SWIFT_VERSION = 5.0;
				TEST_TARGET_NAME = "Soundcloud-CarPlayGUI (macOS)";
			};
			name = Release;
		};
/* End XCBuildConfiguration section */

/* Begin XCConfigurationList section */
		CDDAB66825FD75DE003E6C9C /* Build configuration list for PBXProject "Soundcloud-CarPlayGUI" */ = {
			isa = XCConfigurationList;
			buildConfigurations = (
				CDDAB69925FD75E2003E6C9C /* Debug */,
				CDDAB69A25FD75E2003E6C9C /* Release */,
			);
			defaultConfigurationIsVisible = 0;
			defaultConfigurationName = Release;
		};
		CDDAB69B25FD75E2003E6C9C /* Build configuration list for PBXNativeTarget "Soundcloud-CarPlayGUI (iOS)" */ = {
			isa = XCConfigurationList;
			buildConfigurations = (
				CDDAB69C25FD75E2003E6C9C /* Debug */,
				CDDAB69D25FD75E2003E6C9C /* Release */,
			);
			defaultConfigurationIsVisible = 0;
			defaultConfigurationName = Release;
		};
		CDDAB69E25FD75E2003E6C9C /* Build configuration list for PBXNativeTarget "Soundcloud-CarPlayGUI (macOS)" */ = {
			isa = XCConfigurationList;
			buildConfigurations = (
				CDDAB69F25FD75E2003E6C9C /* Debug */,
				CDDAB6A025FD75E2003E6C9C /* Release */,
			);
			defaultConfigurationIsVisible = 0;
			defaultConfigurationName = Release;
		};
		CDDAB6A125FD75E2003E6C9C /* Build configuration list for PBXNativeTarget "Tests iOS" */ = {
			isa = XCConfigurationList;
			buildConfigurations = (
				CDDAB6A225FD75E2003E6C9C /* Debug */,
				CDDAB6A325FD75E2003E6C9C /* Release */,
			);
			defaultConfigurationIsVisible = 0;
			defaultConfigurationName = Release;
		};
		CDDAB6A425FD75E2003E6C9C /* Build configuration list for PBXNativeTarget "Tests macOS" */ = {
			isa = XCConfigurationList;
			buildConfigurations = (
				CDDAB6A525FD75E2003E6C9C /* Debug */,
				CDDAB6A625FD75E2003E6C9C /* Release */,
			);
			defaultConfigurationIsVisible = 0;
			defaultConfigurationName = Release;
		};
/* End XCConfigurationList section */
	};
	rootObject = CDDAB66525FD75DE003E6C9C /* Project object */;
}
